
Microsoft Visual Studio Solution File, Format Version 12.00
# Visual Studio Version 16
VisualStudioVersion = 16.0.30611.23
MinimumVisualStudioVersion = 10.0.40219.1
Project("{FAE04EC0-301F-11D3-BF4B-00C04F79EFBC}") = "Suciu_Bogdan_Lab2", "Suciu_Bogdan_Lab2.csproj", "{DFB5951B-2015-4A67-9685-3A9FE71806A1}"
EndProject
Global
	GlobalSection(SolutionConfigurationPlatforms) = preSolution
		Debug|Any CPU = Debug|Any CPU
		Release|Any CPU = Release|Any CPU
	EndGlobalSection
	GlobalSection(ProjectConfigurationPlatforms) = postSolution
		{DFB5951B-2015-4A67-9685-3A9FE71806A1}.Debug|Any CPU.ActiveCfg = Debug|Any CPU
		{DFB5951B-2015-4A67-9685-3A9FE71806A1}.Debug|Any CPU.Build.0 = Debug|Any CPU
		{DFB5951B-2015-4A67-9685-3A9FE71806A1}.Release|Any CPU.ActiveCfg = Release|Any CPU
		{DFB5951B-2015-4A67-9685-3A9FE71806A1}.Release|Any CPU.Build.0 = Release|Any CPU
	EndGlobalSection
	GlobalSection(SolutionProperties) = preSolution
		HideSolutionNode = FALSE
	EndGlobalSection
	GlobalSection(ExtensibilityGlobals) = postSolution
		SolutionGuid = {2E967CBD-E6CE-4371-BF91-9E7D9598F1B6}
	EndGlobalSection
EndGlobal
